lockfileVersion: 5.4

specifiers:
  '@gaothing/indexdb-util': ^2.0.0

dependencies:
  '@gaothing/indexdb-util': 2.0.0

packages:

  /@gaothing/indexdb-util/2.0.0:
    resolution: {integrity: sha512-CyWwrygPcc2zykTSJEqyiRwDZDBB9jB4y1HzFFGIFGst/LlbufgteIY2lScHdwTpu4cpGh29hVEyDjRMi3ea1w==}
    dev: false
